<Solution>
  <!-- GameEngineMusicDemo.slnx
       Generated by CodeBrix Develop: a CodeBrix.Platform application with
       everything that builds with the plain .NET SDK on Linux, macOS and Windows. -->
  <Project Path="src/GameEngineMusicDemo.UI/GameEngineMusicDemo.UI.shproj" />
  <Project Path="src/GameEngineMusicDemo.Core/GameEngineMusicDemo.Core.csproj" />
  <Project Path="src/GameEngineMusicDemo.LinuxX11/GameEngineMusicDemo.LinuxX11.csproj" />
  <Project Path="src/GameEngineMusicDemo.LinuxWayland/GameEngineMusicDemo.LinuxWayland.csproj" />
  <Project Path="src/GameEngineMusicDemo.LinuxFrameBuffer/GameEngineMusicDemo.LinuxFrameBuffer.csproj" />
  <Project Path="src/GameEngineMusicDemo.MacOS/GameEngineMusicDemo.MacOS.csproj" />
  <Project Path="src/GameEngineMusicDemo.Win32Skia/GameEngineMusicDemo.Win32Skia.csproj" />
  <Project Path="src/GameEngineMusicDemo.WinWpfSkia/GameEngineMusicDemo.WinWpfSkia.csproj" />
  <Folder Name="/Libraries/">
    <Project Path="src/libs/GameEngineMusicDemo.Game/GameEngineMusicDemo.Game.csproj" />
  </Folder>
  <Folder Name="/Tests/">
    <Project Path="tests/libs/GameEngineMusicDemo.Game.Tests/GameEngineMusicDemo.Game.Tests.csproj" />
  </Folder>
</Solution>
