<Solution>
  <!-- CodeBrixVideoTool.slnx
       Generated by CodeBrix Develop: a CodeBrix.Platform application with
       everything that builds with the plain .NET SDK on Linux, macOS and Windows. -->
  <Project Path="src/CodeBrixVideoTool.UI/CodeBrixVideoTool.UI.shproj" />
  <Project Path="src/CodeBrixVideoTool.Core/CodeBrixVideoTool.Core.csproj" />
  <Project Path="src/CodeBrixVideoTool.LinuxX11/CodeBrixVideoTool.LinuxX11.csproj" />
  <Project Path="src/CodeBrixVideoTool.LinuxWayland/CodeBrixVideoTool.LinuxWayland.csproj" />
  <Project Path="src/CodeBrixVideoTool.MacOS/CodeBrixVideoTool.MacOS.csproj" />
  <Project Path="src/CodeBrixVideoTool.Win32Skia/CodeBrixVideoTool.Win32Skia.csproj" />
  <Folder Name="/Libraries/">
    <Project Path="src/libs/CodeBrixVideoTool.Processing/CodeBrixVideoTool.Processing.csproj" />
    <Project Path="src/libs/CodeBrixVideoTool.Playback/CodeBrixVideoTool.Playback.csproj" />
  </Folder>
  <Folder Name="/Tests/">
    <Project Path="tests/libs/CodeBrixVideoTool.Processing.Tests/CodeBrixVideoTool.Processing.Tests.csproj" />
    <Project Path="tests/libs/CodeBrixVideoTool.Playback.Tests/CodeBrixVideoTool.Playback.Tests.csproj" />
  </Folder>
</Solution>
