<Solution>
  <!-- GoddessTempleDiscovery.slnx
       Generated by CodeBrix Develop: a CodeBrix.Platform application with
       everything that builds with the plain .NET SDK on Linux, macOS and Windows. -->
  <Project Path="src/GoddessTempleDiscovery.UI/GoddessTempleDiscovery.UI.shproj" />
  <Project Path="src/GoddessTempleDiscovery.Core/GoddessTempleDiscovery.Core.csproj" />
  <Project Path="src/GoddessTempleDiscovery.LinuxX11/GoddessTempleDiscovery.LinuxX11.csproj" />
  <Project Path="src/GoddessTempleDiscovery.LinuxWayland/GoddessTempleDiscovery.LinuxWayland.csproj" />
  <Project Path="src/GoddessTempleDiscovery.MacOS/GoddessTempleDiscovery.MacOS.csproj" />
  <Project Path="src/GoddessTempleDiscovery.Win32Skia/GoddessTempleDiscovery.Win32Skia.csproj" />
  <Folder Name="/Libraries/">
    <Project Path="src/libs/GoddessTempleDiscovery.Rules/GoddessTempleDiscovery.Rules.csproj" />
    <Project Path="src/libs/GoddessTempleDiscovery.Assets/GoddessTempleDiscovery.Assets.csproj" />
    <Project Path="src/libs/GoddessTempleDiscovery.Game/GoddessTempleDiscovery.Game.csproj" />
  </Folder>
  <Folder Name="/Tests/">
    <Project Path="tests/GoddessTempleDiscovery.PlayTests/GoddessTempleDiscovery.PlayTests.csproj" />
    <Project Path="tests/libs/GoddessTempleDiscovery.Rules.Tests/GoddessTempleDiscovery.Rules.Tests.csproj" />
    <Project Path="tests/libs/GoddessTempleDiscovery.Assets.Tests/GoddessTempleDiscovery.Assets.Tests.csproj" />
    <Project Path="tests/libs/GoddessTempleDiscovery.Game.Tests/GoddessTempleDiscovery.Game.Tests.csproj" />
  </Folder>
</Solution>
