<Solution>
  <!-- SimpleCbxVideoPlayer.slnx
       Generated by CodeBrix Develop: a CodeBrix.Platform application with
       everything that builds with the plain .NET SDK on Linux, macOS and Windows. -->
  <Project Path="src/SimpleCbxVideoPlayer.UI/SimpleCbxVideoPlayer.UI.shproj" />
  <Project Path="src/SimpleCbxVideoPlayer.Core/SimpleCbxVideoPlayer.Core.csproj" />
  <Project Path="src/SimpleCbxVideoPlayer.LinuxX11/SimpleCbxVideoPlayer.LinuxX11.csproj" />
  <Project Path="src/SimpleCbxVideoPlayer.LinuxWayland/SimpleCbxVideoPlayer.LinuxWayland.csproj" />
  <Project Path="src/SimpleCbxVideoPlayer.LinuxFrameBuffer/SimpleCbxVideoPlayer.LinuxFrameBuffer.csproj" />
  <Project Path="src/SimpleCbxVideoPlayer.MacOS/SimpleCbxVideoPlayer.MacOS.csproj" />
  <Project Path="src/SimpleCbxVideoPlayer.Win32Skia/SimpleCbxVideoPlayer.Win32Skia.csproj" />
  <Project Path="src/SimpleCbxVideoPlayer.WinWpfSkia/SimpleCbxVideoPlayer.WinWpfSkia.csproj" />
  <Folder Name="/Libraries/">
    <Project Path="src/libs/SimpleCbxVideoPlayer.SkiaVideo/SimpleCbxVideoPlayer.SkiaVideo.csproj" />
  </Folder>
  <Folder Name="/Tests/">
    <Project Path="tests/libs/SimpleCbxVideoPlayer.SkiaVideo.Tests/SimpleCbxVideoPlayer.SkiaVideo.Tests.csproj" />
  </Folder>
</Solution>
