<Solution>
  <!-- BrixInvaders.slnx
       Generated by CodeBrix Develop: a CodeBrix.Platform application with
       everything that builds with the plain .NET SDK on Linux, macOS and Windows. -->
  <Project Path="src/BrixInvaders.UI/BrixInvaders.UI.shproj" />
  <Project Path="src/BrixInvaders.Core/BrixInvaders.Core.csproj" />
  <Project Path="src/BrixInvaders.LinuxX11/BrixInvaders.LinuxX11.csproj" />
  <Project Path="src/BrixInvaders.LinuxWayland/BrixInvaders.LinuxWayland.csproj" />
  <Project Path="src/BrixInvaders.MacOS/BrixInvaders.MacOS.csproj" />
  <Project Path="src/BrixInvaders.Win32Skia/BrixInvaders.Win32Skia.csproj" />
  <Folder Name="/Libraries/">
    <Project Path="src/libs/BrixInvaders.GameLogic/BrixInvaders.GameLogic.csproj" />
    <Project Path="src/libs/BrixInvaders.Assets/BrixInvaders.Assets.csproj" />
    <Project Path="src/libs/BrixInvaders.Music/BrixInvaders.Music.csproj" />
    <Project Path="src/libs/BrixInvaders.Game/BrixInvaders.Game.csproj" />
  </Folder>
  <Folder Name="/Tests/">
    <Project Path="tests/BrixInvaders.PlayTests/BrixInvaders.PlayTests.csproj" />
    <Project Path="tests/libs/BrixInvaders.GameLogic.Tests/BrixInvaders.GameLogic.Tests.csproj" />
    <Project Path="tests/libs/BrixInvaders.Assets.Tests/BrixInvaders.Assets.Tests.csproj" />
    <Project Path="tests/libs/BrixInvaders.Music.Tests/BrixInvaders.Music.Tests.csproj" />
    <Project Path="tests/libs/BrixInvaders.Game.Tests/BrixInvaders.Game.Tests.csproj" />
  </Folder>
</Solution>
