<Solution>
  <!-- MediaPlayerDemo.slnx
       Generated by CodeBrix Develop: a CodeBrix.Platform application with
       everything that builds with the plain .NET SDK on Linux, macOS and Windows. -->
  <Project Path="src/MediaPlayerDemo.UI/MediaPlayerDemo.UI.shproj" />
  <Project Path="src/MediaPlayerDemo.Core/MediaPlayerDemo.Core.csproj" />
  <Project Path="src/MediaPlayerDemo.LinuxX11/MediaPlayerDemo.LinuxX11.csproj" />
  <Project Path="src/MediaPlayerDemo.LinuxWayland/MediaPlayerDemo.LinuxWayland.csproj" />
  <Project Path="src/MediaPlayerDemo.LinuxFrameBuffer/MediaPlayerDemo.LinuxFrameBuffer.csproj" />
  <Project Path="src/MediaPlayerDemo.MacOS/MediaPlayerDemo.MacOS.csproj" />
  <Project Path="src/MediaPlayerDemo.Win32Skia/MediaPlayerDemo.Win32Skia.csproj" />
  <Project Path="src/MediaPlayerDemo.WinWpfSkia/MediaPlayerDemo.WinWpfSkia.csproj" />
</Solution>
