<Solution>
  <!-- RedisSetupTool.slnx
       Generated by CodeBrix Develop: a CodeBrix.Platform application with
       everything that builds with the plain .NET SDK on Linux, macOS and Windows. -->
  <Project Path="src/RedisSetupTool.UI/RedisSetupTool.UI.shproj" />
  <Project Path="src/RedisSetupTool.Core/RedisSetupTool.Core.csproj" />
  <Project Path="src/RedisSetupTool.LinuxX11/RedisSetupTool.LinuxX11.csproj" />
  <Project Path="src/RedisSetupTool.LinuxWayland/RedisSetupTool.LinuxWayland.csproj" />
  <Project Path="src/RedisSetupTool.LinuxFrameBuffer/RedisSetupTool.LinuxFrameBuffer.csproj" />
  <Project Path="src/RedisSetupTool.MacOS/RedisSetupTool.MacOS.csproj" />
  <Project Path="src/RedisSetupTool.Win32Skia/RedisSetupTool.Win32Skia.csproj" />
  <Project Path="src/RedisSetupTool.WinWpfSkia/RedisSetupTool.WinWpfSkia.csproj" />
  <Folder Name="/Libraries/">
    <Project Path="src/libs/RedisSetupTool.DockerManagement/RedisSetupTool.DockerManagement.csproj" />
    <Project Path="src/libs/RedisSetupTool.RedisManagement/RedisSetupTool.RedisManagement.csproj" />
    <Project Path="src/libs/RedisSetupTool.TerminalView/RedisSetupTool.TerminalView.csproj" />
  </Folder>
  <Folder Name="/Tests/">
    <Project Path="tests/libs/RedisSetupTool.DockerManagement.Tests/RedisSetupTool.DockerManagement.Tests.csproj" />
    <Project Path="tests/libs/RedisSetupTool.RedisManagement.Tests/RedisSetupTool.RedisManagement.Tests.csproj" />
    <Project Path="tests/libs/RedisSetupTool.TerminalView.Tests/RedisSetupTool.TerminalView.Tests.csproj" />
  </Folder>
</Solution>
