<Solution>
  <!-- NotionDocumentCreator.slnx
       Generated by CodeBrix Develop: a CodeBrix.Platform application with
       everything that builds with the plain .NET SDK on Linux, macOS and Windows. -->
  <Project Path="src/NotionDocumentCreator.UI/NotionDocumentCreator.UI.shproj" />
  <Project Path="src/NotionDocumentCreator.Core/NotionDocumentCreator.Core.csproj" />
  <Project Path="src/NotionDocumentCreator.LinuxX11/NotionDocumentCreator.LinuxX11.csproj" />
  <Project Path="src/NotionDocumentCreator.LinuxWayland/NotionDocumentCreator.LinuxWayland.csproj" />
  <Project Path="src/NotionDocumentCreator.LinuxFrameBuffer/NotionDocumentCreator.LinuxFrameBuffer.csproj" />
  <Project Path="src/NotionDocumentCreator.MacOS/NotionDocumentCreator.MacOS.csproj" />
  <Project Path="src/NotionDocumentCreator.Win32Skia/NotionDocumentCreator.Win32Skia.csproj" />
  <Project Path="src/NotionDocumentCreator.WinWpfSkia/NotionDocumentCreator.WinWpfSkia.csproj" />
  <Folder Name="/Libraries/">
    <Project Path="src/libs/NotionDocumentCreator.CreateDocument/NotionDocumentCreator.CreateDocument.csproj" />
  </Folder>
  <Folder Name="/Tests/">
    <Project Path="tests/libs/NotionDocumentCreator.CreateDocument.Tests/NotionDocumentCreator.CreateDocument.Tests.csproj" />
  </Folder>
</Solution>
