<Solution>
  <!-- WebcamViewer.slnx
       Generated by CodeBrix Develop: a CodeBrix.Platform application with
       everything that builds with the plain .NET SDK on Linux, macOS and Windows. -->
  <Project Path="src/WebcamViewer.UI/WebcamViewer.UI.shproj" />
  <Project Path="src/WebcamViewer.Core/WebcamViewer.Core.csproj" />
  <Project Path="src/WebcamViewer.LinuxX11/WebcamViewer.LinuxX11.csproj" />
  <Project Path="src/WebcamViewer.LinuxWayland/WebcamViewer.LinuxWayland.csproj" />
  <Project Path="src/WebcamViewer.LinuxFrameBuffer/WebcamViewer.LinuxFrameBuffer.csproj" />
  <Project Path="src/WebcamViewer.MacOS/WebcamViewer.MacOS.csproj" />
  <Project Path="src/WebcamViewer.Win32Skia/WebcamViewer.Win32Skia.csproj" />
  <Project Path="src/WebcamViewer.WinWpfSkia/WebcamViewer.WinWpfSkia.csproj" />
</Solution>
