<Solution>
  <!-- InannaRosette.slnx
       Generated by CodeBrix Develop: a CodeBrix.Platform application with
       everything that builds with the plain .NET SDK on Linux, macOS and Windows. -->
  <Project Path="src/InannaRosette.UI/InannaRosette.UI.shproj" />
  <Project Path="src/InannaRosette.Core/InannaRosette.Core.csproj" />
  <Project Path="src/InannaRosette.LinuxX11/InannaRosette.LinuxX11.csproj" />
  <Project Path="src/InannaRosette.LinuxWayland/InannaRosette.LinuxWayland.csproj" />
  <Project Path="src/InannaRosette.MacOS/InannaRosette.MacOS.csproj" />
  <Project Path="src/InannaRosette.Win32Skia/InannaRosette.Win32Skia.csproj" />
  <Folder Name="/Libraries/">
    <Project Path="src/libs/InannaRosette.Reading/InannaRosette.Reading.csproj" />
  </Folder>
  <Folder Name="/Tests/">
    <Project Path="tests/libs/InannaRosette.Reading.Tests/InannaRosette.Reading.Tests.csproj" />
  </Folder>
</Solution>
