<Solution>
  <!-- GitHubIssueFinder.slnx
       Generated by CodeBrix Develop: a CodeBrix.Platform application with
       everything that builds with the plain .NET SDK on Linux, macOS and Windows. -->
  <Project Path="src/GitHubIssueFinder.UI/GitHubIssueFinder.UI.shproj" />
  <Project Path="src/GitHubIssueFinder.Core/GitHubIssueFinder.Core.csproj" />
  <Project Path="src/GitHubIssueFinder.LinuxX11/GitHubIssueFinder.LinuxX11.csproj" />
  <Project Path="src/GitHubIssueFinder.LinuxWayland/GitHubIssueFinder.LinuxWayland.csproj" />
  <Project Path="src/GitHubIssueFinder.MacOS/GitHubIssueFinder.MacOS.csproj" />
  <Project Path="src/GitHubIssueFinder.Win32Skia/GitHubIssueFinder.Win32Skia.csproj" />
  <Folder Name="/Libraries/">
    <Project Path="src/libs/GitHubIssueFinder.GitHub/GitHubIssueFinder.GitHub.csproj" />
    <Project Path="src/libs/GitHubIssueFinder.Settings/GitHubIssueFinder.Settings.csproj" />
  </Folder>
  <Folder Name="/Tests/">
    <Project Path="tests/libs/GitHubIssueFinder.GitHub.Tests/GitHubIssueFinder.GitHub.Tests.csproj" />
    <Project Path="tests/libs/GitHubIssueFinder.Settings.Tests/GitHubIssueFinder.Settings.Tests.csproj" />
  </Folder>
</Solution>
