<Solution>
  <!-- PdfSideBySide.slnx
       Generated by CodeBrix Develop: a CodeBrix.Platform application with
       everything that builds with the plain .NET SDK on Linux, macOS and Windows. -->
  <Project Path="src/PdfSideBySide.UI/PdfSideBySide.UI.shproj" />
  <Project Path="src/PdfSideBySide.Core/PdfSideBySide.Core.csproj" />
  <Project Path="src/PdfSideBySide.LinuxX11/PdfSideBySide.LinuxX11.csproj" />
  <Project Path="src/PdfSideBySide.LinuxWayland/PdfSideBySide.LinuxWayland.csproj" />
  <Project Path="src/PdfSideBySide.LinuxFrameBuffer/PdfSideBySide.LinuxFrameBuffer.csproj" />
  <Project Path="src/PdfSideBySide.MacOS/PdfSideBySide.MacOS.csproj" />
  <Project Path="src/PdfSideBySide.Win32Skia/PdfSideBySide.Win32Skia.csproj" />
  <Project Path="src/PdfSideBySide.WinWpfSkia/PdfSideBySide.WinWpfSkia.csproj" />
  <Folder Name="/Libraries/">
    <Project Path="src/libs/PdfSideBySide.PdfRender/PdfSideBySide.PdfRender.csproj" />
  </Folder>
  <Folder Name="/Tests/">
    <Project Path="tests/libs/PdfSideBySide.PdfRender.Tests/PdfSideBySide.PdfRender.Tests.csproj" />
  </Folder>
</Solution>
