<Solution>
  <!-- PicoScope.Brix.slnx
       Generated by CodeBrix Develop: a CodeBrix.Platform application with
       everything that builds with the plain .NET SDK on Linux, macOS and Windows. -->
  <Project Path="src/PicoScope.Brix.UI/PicoScope.Brix.UI.shproj" />
  <Project Path="src/PicoScope.Brix.Core/PicoScope.Brix.Core.csproj" />
  <Project Path="src/PicoScope.Brix.LinuxX11/PicoScope.Brix.LinuxX11.csproj" />
  <Project Path="src/PicoScope.Brix.LinuxWayland/PicoScope.Brix.LinuxWayland.csproj" />
  <Project Path="src/PicoScope.Brix.LinuxFrameBuffer/PicoScope.Brix.LinuxFrameBuffer.csproj" />
  <Project Path="src/PicoScope.Brix.MacOS/PicoScope.Brix.MacOS.csproj" />
  <Project Path="src/PicoScope.Brix.Win32Skia/PicoScope.Brix.Win32Skia.csproj" />
  <Project Path="src/PicoScope.Brix.WinWpfSkia/PicoScope.Brix.WinWpfSkia.csproj" />
  <Folder Name="/Libraries/">
    <Project Path="src/libs/PicoScope.Brix.ScopeData/PicoScope.Brix.ScopeData.csproj" />
    <Project Path="src/libs/PicoScope.Brix.ScopeData.Ps2000/PicoScope.Brix.ScopeData.Ps2000.csproj" />
  </Folder>
  <Folder Name="/Tests/">
    <Project Path="tests/libs/PicoScope.Brix.ScopeData.Tests/PicoScope.Brix.ScopeData.Tests.csproj" />
    <Project Path="tests/libs/PicoScope.Brix.ScopeData.Ps2000.Tests/PicoScope.Brix.ScopeData.Ps2000.Tests.csproj" />
  </Folder>
</Solution>
